
Microsoft Visual Studio Solution File, Format Version 12.00
# Visual Studio Version 17
VisualStudioVersion = 17.9.34728.123
MinimumVisualStudioVersion = 10.0.40219.1
Project("{FAE04EC0-301F-11D3-BF4B-00C04F79EFBC}") = "BCDemoApplicationVer1", "BCDemoApplicationVer1\BCDemoApplicationVer1.csproj", "{B8349146-6314-4A80-A431-B68FA1ABC9D1}"
EndProject
Global
	GlobalSection(SolutionConfigurationPlatforms) = preSolution
		Debug|Any CPU = Debug|Any CPU
		Release|Any CPU = Release|Any CPU
	EndGlobalSection
	GlobalSection(ProjectConfigurationPlatforms) = postSolution
		{B8349146-6314-4A80-A431-B68FA1ABC9D1}.Debug|Any CPU.ActiveCfg = Debug|Any CPU
		{B8349146-6314-4A80-A431-B68FA1ABC9D1}.Debug|Any CPU.Build.0 = Debug|Any CPU
		{B8349146-6314-4A80-A431-B68FA1ABC9D1}.Release|Any CPU.ActiveCfg = Release|Any CPU
		{B8349146-6314-4A80-A431-B68FA1ABC9D1}.Release|Any CPU.Build.0 = Release|Any CPU
	EndGlobalSection
	GlobalSection(SolutionProperties) = preSolution
		HideSolutionNode = FALSE
	EndGlobalSection
	GlobalSection(ExtensibilityGlobals) = postSolution
		SolutionGuid = {AE5006DA-98BB-4DA1-A331-91F4A284A5A2}
	EndGlobalSection
EndGlobal
